
Microsoft Visual Studio Solution File, Format Version 12.00
# Visual Studio Version 16
VisualStudioVersion = 16.0.30114.105
MinimumVisualStudioVersion = 10.0.40219.1
Project("{2150E333-8FDC-42A3-9474-1A3956D46DE8}") = "challenge01", "challenge01", "{AE87A6DE-A0EC-4939-AC84-081B9E491F89}"
EndProject
Project("{9A19103F-16F7-4668-BE54-9A1E7A4F7556}") = "Iwate.WasmtimeChallenge01", "challenge01\dotnet\Iwate.WasmtimeChallenge01.csproj", "{E200AF51-F256-4CA8-B9F5-C1557F50E234}"
EndProject
Project("{2150E333-8FDC-42A3-9474-1A3956D46DE8}") = "challenge02", "challenge02", "{07A5F0F0-4430-42D9-8830-D4AA64D921DA}"
EndProject
Project("{9A19103F-16F7-4668-BE54-9A1E7A4F7556}") = "Iwate.WasmtimeChallenge02", "challenge02\dotnet\Iwate.WasmtimeChallenge02.csproj", "{DF22CE5F-6838-479A-AAF7-43A226FAB1A1}"
EndProject
Project("{2150E333-8FDC-42A3-9474-1A3956D46DE8}") = "challenge03", "challenge03", "{FED48967-FB39-4DD4-9D86-32595D65B325}"
EndProject
Project("{9A19103F-16F7-4668-BE54-9A1E7A4F7556}") = "Iwate.WasmtimeChallenge03", "challenge03\dotnet\Iwate.WasmtimeChallenge03.csproj", "{C27C2F3F-D602-48CE-A070-D4C2BFA17B90}"
EndProject
Project("{2150E333-8FDC-42A3-9474-1A3956D46DE8}") = "challenge04", "challenge04", "{2F252541-10EF-4ADF-A804-372ED8EF8682}"
EndProject
Project("{9A19103F-16F7-4668-BE54-9A1E7A4F7556}") = "Iwate.WasmtimeChallenge04", "challenge04\dotnet\Iwate.WasmtimeChallenge04\Iwate.WasmtimeChallenge04.csproj", "{1FE9DCDD-53EA-4C5E-ACF3-AA0F0715EB1C}"
EndProject
Project("{2150E333-8FDC-42A3-9474-1A3956D46DE8}") = "challenge05", "challenge05", "{F2F9612A-8C1A-4384-95EC-59A5532FBF9C}"
EndProject
Project("{9A19103F-16F7-4668-BE54-9A1E7A4F7556}") = "Iwate.WasmtimeChallenge05", "challenge05\dotnet\Iwate.WasmtimeChallenge05\Iwate.WasmtimeChallenge05.csproj", "{9A3F7652-8A28-4D49-9DEB-418A56CE521C}"
EndProject
Project("{2150E333-8FDC-42A3-9474-1A3956D46DE8}") = "challenge06", "challenge06", "{BCACA15E-2AC2-4B61-8898-DEB4C7F9D73F}"
EndProject
Project("{9A19103F-16F7-4668-BE54-9A1E7A4F7556}") = "Iwate.WasmtimeChallenge06", "challenge06\dotnet\Iwate.WasmtimeChallenge06\Iwate.WasmtimeChallenge06.csproj", "{B2E0E3AF-BA44-4701-8954-B6E02CD99721}"
EndProject
Global
	GlobalSection(SolutionConfigurationPlatforms) = preSolution
		Debug|Any CPU = Debug|Any CPU
		Debug|x64 = Debug|x64
		Debug|x86 = Debug|x86
		Release|Any CPU = Release|Any CPU
		Release|x64 = Release|x64
		Release|x86 = Release|x86
	EndGlobalSection
	GlobalSection(ProjectConfigurationPlatforms) = postSolution
		{E200AF51-F256-4CA8-B9F5-C1557F50E234}.Debug|Any CPU.ActiveCfg = Debug|Any CPU
		{E200AF51-F256-4CA8-B9F5-C1557F50E234}.Debug|Any CPU.Build.0 = Debug|Any CPU
		{E200AF51-F256-4CA8-B9F5-C1557F50E234}.Debug|x64.ActiveCfg = Debug|Any CPU
		{E200AF51-F256-4CA8-B9F5-C1557F50E234}.Debug|x64.Build.0 = Debug|Any CPU
		{E200AF51-F256-4CA8-B9F5-C1557F50E234}.Debug|x86.ActiveCfg = Debug|Any CPU
		{E200AF51-F256-4CA8-B9F5-C1557F50E234}.Debug|x86.Build.0 = Debug|Any CPU
		{E200AF51-F256-4CA8-B9F5-C1557F50E234}.Release|Any CPU.ActiveCfg = Release|Any CPU
		{E200AF51-F256-4CA8-B9F5-C1557F50E234}.Release|Any CPU.Build.0 = Release|Any CPU
		{E200AF51-F256-4CA8-B9F5-C1557F50E234}.Release|x64.ActiveCfg = Release|Any CPU
		{E200AF51-F256-4CA8-B9F5-C1557F50E234}.Release|x64.Build.0 = Release|Any CPU
		{E200AF51-F256-4CA8-B9F5-C1557F50E234}.Release|x86.ActiveCfg = Release|Any CPU
		{E200AF51-F256-4CA8-B9F5-C1557F50E234}.Release|x86.Build.0 = Release|Any CPU
		{DF22CE5F-6838-479A-AAF7-43A226FAB1A1}.Debug|Any CPU.ActiveCfg = Debug|Any CPU
		{DF22CE5F-6838-479A-AAF7-43A226FAB1A1}.Debug|Any CPU.Build.0 = Debug|Any CPU
		{DF22CE5F-6838-479A-AAF7-43A226FAB1A1}.Debug|x64.ActiveCfg = Debug|Any CPU
		{DF22CE5F-6838-479A-AAF7-43A226FAB1A1}.Debug|x64.Build.0 = Debug|Any CPU
		{DF22CE5F-6838-479A-AAF7-43A226FAB1A1}.Debug|x86.ActiveCfg = Debug|Any CPU
		{DF22CE5F-6838-479A-AAF7-43A226FAB1A1}.Debug|x86.Build.0 = Debug|Any CPU
		{DF22CE5F-6838-479A-AAF7-43A226FAB1A1}.Release|Any CPU.ActiveCfg = Release|Any CPU
		{DF22CE5F-6838-479A-AAF7-43A226FAB1A1}.Release|Any CPU.Build.0 = Release|Any CPU
		{DF22CE5F-6838-479A-AAF7-43A226FAB1A1}.Release|x64.ActiveCfg = Release|Any CPU
		{DF22CE5F-6838-479A-AAF7-43A226FAB1A1}.Release|x64.Build.0 = Release|Any CPU
		{DF22CE5F-6838-479A-AAF7-43A226FAB1A1}.Release|x86.ActiveCfg = Release|Any CPU
		{DF22CE5F-6838-479A-AAF7-43A226FAB1A1}.Release|x86.Build.0 = Release|Any CPU
		{C27C2F3F-D602-48CE-A070-D4C2BFA17B90}.Debug|Any CPU.ActiveCfg = Debug|Any CPU
		{C27C2F3F-D602-48CE-A070-D4C2BFA17B90}.Debug|Any CPU.Build.0 = Debug|Any CPU
		{C27C2F3F-D602-48CE-A070-D4C2BFA17B90}.Debug|x64.ActiveCfg = Debug|Any CPU
		{C27C2F3F-D602-48CE-A070-D4C2BFA17B90}.Debug|x64.Build.0 = Debug|Any CPU
		{C27C2F3F-D602-48CE-A070-D4C2BFA17B90}.Debug|x86.ActiveCfg = Debug|Any CPU
		{C27C2F3F-D602-48CE-A070-D4C2BFA17B90}.Debug|x86.Build.0 = Debug|Any CPU
		{C27C2F3F-D602-48CE-A070-D4C2BFA17B90}.Release|Any CPU.ActiveCfg = Release|Any CPU
		{C27C2F3F-D602-48CE-A070-D4C2BFA17B90}.Release|Any CPU.Build.0 = Release|Any CPU
		{C27C2F3F-D602-48CE-A070-D4C2BFA17B90}.Release|x64.ActiveCfg = Release|Any CPU
		{C27C2F3F-D602-48CE-A070-D4C2BFA17B90}.Release|x64.Build.0 = Release|Any CPU
		{C27C2F3F-D602-48CE-A070-D4C2BFA17B90}.Release|x86.ActiveCfg = Release|Any CPU
		{C27C2F3F-D602-48CE-A070-D4C2BFA17B90}.Release|x86.Build.0 = Release|Any CPU
		{1FE9DCDD-53EA-4C5E-ACF3-AA0F0715EB1C}.Debug|Any CPU.ActiveCfg = Debug|Any CPU
		{1FE9DCDD-53EA-4C5E-ACF3-AA0F0715EB1C}.Debug|Any CPU.Build.0 = Debug|Any CPU
		{1FE9DCDD-53EA-4C5E-ACF3-AA0F0715EB1C}.Debug|x64.ActiveCfg = Debug|Any CPU
		{1FE9DCDD-53EA-4C5E-ACF3-AA0F0715EB1C}.Debug|x64.Build.0 = Debug|Any CPU
		{1FE9DCDD-53EA-4C5E-ACF3-AA0F0715EB1C}.Debug|x86.ActiveCfg = Debug|Any CPU
		{1FE9DCDD-53EA-4C5E-ACF3-AA0F0715EB1C}.Debug|x86.Build.0 = Debug|Any CPU
		{1FE9DCDD-53EA-4C5E-ACF3-AA0F0715EB1C}.Release|Any CPU.ActiveCfg = Release|Any CPU
		{1FE9DCDD-53EA-4C5E-ACF3-AA0F0715EB1C}.Release|Any CPU.Build.0 = Release|Any CPU
		{1FE9DCDD-53EA-4C5E-ACF3-AA0F0715EB1C}.Release|x64.ActiveCfg = Release|Any CPU
		{1FE9DCDD-53EA-4C5E-ACF3-AA0F0715EB1C}.Release|x64.Build.0 = Release|Any CPU
		{1FE9DCDD-53EA-4C5E-ACF3-AA0F0715EB1C}.Release|x86.ActiveCfg = Release|Any CPU
		{1FE9DCDD-53EA-4C5E-ACF3-AA0F0715EB1C}.Release|x86.Build.0 = Release|Any CPU
		{9A3F7652-8A28-4D49-9DEB-418A56CE521C}.Debug|Any CPU.ActiveCfg = Debug|Any CPU
		{9A3F7652-8A28-4D49-9DEB-418A56CE521C}.Debug|Any CPU.Build.0 = Debug|Any CPU
		{9A3F7652-8A28-4D49-9DEB-418A56CE521C}.Debug|x64.ActiveCfg = Debug|Any CPU
		{9A3F7652-8A28-4D49-9DEB-418A56CE521C}.Debug|x64.Build.0 = Debug|Any CPU
		{9A3F7652-8A28-4D49-9DEB-418A56CE521C}.Debug|x86.ActiveCfg = Debug|Any CPU
		{9A3F7652-8A28-4D49-9DEB-418A56CE521C}.Debug|x86.Build.0 = Debug|Any CPU
		{9A3F7652-8A28-4D49-9DEB-418A56CE521C}.Release|Any CPU.ActiveCfg = Release|Any CPU
		{9A3F7652-8A28-4D49-9DEB-418A56CE521C}.Release|Any CPU.Build.0 = Release|Any CPU
		{9A3F7652-8A28-4D49-9DEB-418A56CE521C}.Release|x64.ActiveCfg = Release|Any CPU
		{9A3F7652-8A28-4D49-9DEB-418A56CE521C}.Release|x64.Build.0 = Release|Any CPU
		{9A3F7652-8A28-4D49-9DEB-418A56CE521C}.Release|x86.ActiveCfg = Release|Any CPU
		{9A3F7652-8A28-4D49-9DEB-418A56CE521C}.Release|x86.Build.0 = Release|Any CPU
		{B2E0E3AF-BA44-4701-8954-B6E02CD99721}.Debug|Any CPU.ActiveCfg = Debug|Any CPU
		{B2E0E3AF-BA44-4701-8954-B6E02CD99721}.Debug|Any CPU.Build.0 = Debug|Any CPU
		{B2E0E3AF-BA44-4701-8954-B6E02CD99721}.Debug|x64.ActiveCfg = Debug|Any CPU
		{B2E0E3AF-BA44-4701-8954-B6E02CD99721}.Debug|x64.Build.0 = Debug|Any CPU
		{B2E0E3AF-BA44-4701-8954-B6E02CD99721}.Debug|x86.ActiveCfg = Debug|Any CPU
		{B2E0E3AF-BA44-4701-8954-B6E02CD99721}.Debug|x86.Build.0 = Debug|Any CPU
		{B2E0E3AF-BA44-4701-8954-B6E02CD99721}.Release|Any CPU.ActiveCfg = Release|Any CPU
		{B2E0E3AF-BA44-4701-8954-B6E02CD99721}.Release|Any CPU.Build.0 = Release|Any CPU
		{B2E0E3AF-BA44-4701-8954-B6E02CD99721}.Release|x64.ActiveCfg = Release|Any CPU
		{B2E0E3AF-BA44-4701-8954-B6E02CD99721}.Release|x64.Build.0 = Release|Any CPU
		{B2E0E3AF-BA44-4701-8954-B6E02CD99721}.Release|x86.ActiveCfg = Release|Any CPU
		{B2E0E3AF-BA44-4701-8954-B6E02CD99721}.Release|x86.Build.0 = Release|Any CPU
	EndGlobalSection
	GlobalSection(SolutionProperties) = preSolution
		HideSolutionNode = FALSE
	EndGlobalSection
	GlobalSection(NestedProjects) = preSolution
		{E200AF51-F256-4CA8-B9F5-C1557F50E234} = {AE87A6DE-A0EC-4939-AC84-081B9E491F89}
		{DF22CE5F-6838-479A-AAF7-43A226FAB1A1} = {07A5F0F0-4430-42D9-8830-D4AA64D921DA}
		{C27C2F3F-D602-48CE-A070-D4C2BFA17B90} = {FED48967-FB39-4DD4-9D86-32595D65B325}
		{1FE9DCDD-53EA-4C5E-ACF3-AA0F0715EB1C} = {2F252541-10EF-4ADF-A804-372ED8EF8682}
		{9A3F7652-8A28-4D49-9DEB-418A56CE521C} = {F2F9612A-8C1A-4384-95EC-59A5532FBF9C}
		{B2E0E3AF-BA44-4701-8954-B6E02CD99721} = {BCACA15E-2AC2-4B61-8898-DEB4C7F9D73F}
	EndGlobalSection
	GlobalSection(ExtensibilityGlobals) = postSolution
		SolutionGuid = {714722D1-3C1D-4FC6-8B92-37700C6F05C9}
	EndGlobalSection
EndGlobal
